
Microsoft Visual Studio Solution File, Format Version 12.00
# Visual Studio Version 17
VisualStudioVersion = 17.1.32104.313
MinimumVisualStudioVersion = 10.0.40219.1
Project("{FAE04EC0-301F-11D3-BF4B-00C04F79EFBC}") = "really funny thing", "really funny thing.csproj", "{29D0DC38-A3C3-41DE-B6C4-7C022F00366F}"
EndProject
Global
	GlobalSection(SolutionConfigurationPlatforms) = preSolution
		Debug|Any CPU = Debug|Any CPU
		Release|Any CPU = Release|Any CPU
	EndGlobalSection
	GlobalSection(ProjectConfigurationPlatforms) = postSolution
		{29D0DC38-A3C3-41DE-B6C4-7C022F00366F}.Debug|Any CPU.ActiveCfg = Debug|Any CPU
		{29D0DC38-A3C3-41DE-B6C4-7C022F00366F}.Debug|Any CPU.Build.0 = Debug|Any CPU
		{29D0DC38-A3C3-41DE-B6C4-7C022F00366F}.Release|Any CPU.ActiveCfg = Release|Any CPU
		{29D0DC38-A3C3-41DE-B6C4-7C022F00366F}.Release|Any CPU.Build.0 = Release|Any CPU
	EndGlobalSection
	GlobalSection(SolutionProperties) = preSolution
		HideSolutionNode = FALSE
	EndGlobalSection
	GlobalSection(ExtensibilityGlobals) = postSolution
		SolutionGuid = {19034E59-FD45-4F61-BBF9-5DAC40D0D23D}
	EndGlobalSection
EndGlobal
